{
  "nodes": {
    "nixpkgs": {
      "locked": {
        "lastModified": 1711069262,
        "narHash": "sha256-HtF6l9AmvZs1PgCqGi6/91PrPV1gxxzOFZJ/VbG3m5E=",
        "owner": "NixOS",
        "repo": "nixpkgs",
        "rev": "75ec5287b499984b10bab424a549641172608fe6",
        "type": "github"
      },
      "original": {
        "owner": "NixOS",
        "repo": "nixpkgs",
        "type": "github"
      }
    },
    "root": {
      "inputs": {
        "nixpkgs": "nixpkgs"
      }
    }
  },
  "root": "root",
  "version": 7
}
